
Microsoft Visual Studio Solution File, Format Version 12.00
# Visual Studio 15
VisualStudioVersion = 15.0.28307.779
MinimumVisualStudioVersion = 10.0.40219.1
Project("{9A19103F-16F7-4668-BE54-9A1E7A4F7556}") = "VirtualPetsAmokDotNet", "VirtualPetsAmokDotNet\VirtualPetsAmokDotNet.csproj", "{2A4427CB-B35C-4B30-B7D3-5B235B853795}"
EndProject
Project("{9A19103F-16F7-4668-BE54-9A1E7A4F7556}") = "VirtualPetsAmokDotNet.Test", "VirtualPetsAmok.Test\VirtualPetsAmokDotNet.Test.csproj", "{198BA2ED-A84F-47E5-A2D3-522A2D6A1215}"
EndProject
Global
	GlobalSection(SolutionConfigurationPlatforms) = preSolution
		Debug|Any CPU = Debug|Any CPU
		Release|Any CPU = Release|Any CPU
	EndGlobalSection
	GlobalSection(ProjectConfigurationPlatforms) = postSolution
		{2A4427CB-B35C-4B30-B7D3-5B235B853795}.Debug|Any CPU.ActiveCfg = Debug|Any CPU
		{2A4427CB-B35C-4B30-B7D3-5B235B853795}.Debug|Any CPU.Build.0 = Debug|Any CPU
		{2A4427CB-B35C-4B30-B7D3-5B235B853795}.Release|Any CPU.ActiveCfg = Release|Any CPU
		{2A4427CB-B35C-4B30-B7D3-5B235B853795}.Release|Any CPU.Build.0 = Release|Any CPU
		{198BA2ED-A84F-47E5-A2D3-522A2D6A1215}.Debug|Any CPU.ActiveCfg = Debug|Any CPU
		{198BA2ED-A84F-47E5-A2D3-522A2D6A1215}.Debug|Any CPU.Build.0 = Debug|Any CPU
		{198BA2ED-A84F-47E5-A2D3-522A2D6A1215}.Release|Any CPU.ActiveCfg = Release|Any CPU
		{198BA2ED-A84F-47E5-A2D3-522A2D6A1215}.Release|Any CPU.Build.0 = Release|Any CPU
	EndGlobalSection
	GlobalSection(SolutionProperties) = preSolution
		HideSolutionNode = FALSE
	EndGlobalSection
	GlobalSection(ExtensibilityGlobals) = postSolution
		SolutionGuid = {7AF749F6-3CAB-46A4-B72B-A3D2A2B98D75}
	EndGlobalSection
EndGlobal
